
Microsoft Visual Studio Solution File, Format Version 12.00
# Visual Studio Version 17
Project("{2150E333-8FDC-42A3-9474-1A3956D46DE8}") = "CMakePredefinedTargets", "CMakePredefinedTargets", "{472CF1B3-8D07-30F8-883A-F812403552EB}"
EndProject
Project("{2150E333-8FDC-42A3-9474-1A3956D46DE8}") = "GLFW3", "GLFW3", "{64227638-6169-3F08-9C52-2B5BE36CAE24}"
EndProject
Project("{8BC9CEB8-8B4A-11D0-8D11-00A0C91BC942}") = "ALL_BUILD", "ALL_BUILD.vcxproj", "{AA6B8D17-3A1D-3E08-8515-F9292C583F4E}"
	ProjectSection(ProjectDependencies) = postProject
		{CF383F8C-3CFA-345C-9653-56803845F836} = {CF383F8C-3CFA-345C-9653-56803845F836}
		{632B22C8-A327-3674-A990-145B39D01FCE} = {632B22C8-A327-3674-A990-145B39D01FCE}
		{05112050-F147-33D2-923E-9354D5B7446A} = {05112050-F147-33D2-923E-9354D5B7446A}
	EndProjectSection
EndProject
Project("{8BC9CEB8-8B4A-11D0-8D11-00A0C91BC942}") = "SDL3-static", "external\SDL3\SDL3-static.vcxproj", "{C43C85AC-E124-307D-8107-9B8965CC878B}"
	ProjectSection(ProjectDependencies) = postProject
		{3BD6EBD1-AE73-3E18-911D-DB79049895EB} = {3BD6EBD1-AE73-3E18-911D-DB79049895EB}
		{632B22C8-A327-3674-A990-145B39D01FCE} = {632B22C8-A327-3674-A990-145B39D01FCE}
	EndProjectSection
EndProject
Project("{8BC9CEB8-8B4A-11D0-8D11-00A0C91BC942}") = "SDL_uclibc", "external\SDL3\SDL_uclibc.vcxproj", "{3BD6EBD1-AE73-3E18-911D-DB79049895EB}"
	ProjectSection(ProjectDependencies) = postProject
		{632B22C8-A327-3674-A990-145B39D01FCE} = {632B22C8-A327-3674-A990-145B39D01FCE}
	EndProjectSection
EndProject
Project("{8BC9CEB8-8B4A-11D0-8D11-00A0C91BC942}") = "Wankel", "Wankel.vcxproj", "{CF383F8C-3CFA-345C-9653-56803845F836}"
	ProjectSection(ProjectDependencies) = postProject
		{C43C85AC-E124-307D-8107-9B8965CC878B} = {C43C85AC-E124-307D-8107-9B8965CC878B}
		{632B22C8-A327-3674-A990-145B39D01FCE} = {632B22C8-A327-3674-A990-145B39D01FCE}
		{6D0C9834-617B-3DC0-ADC2-86B05A613404} = {6D0C9834-617B-3DC0-ADC2-86B05A613404}
		{8FDD4C3C-85E3-3BC7-902E-5FABAC32D30F} = {8FDD4C3C-85E3-3BC7-902E-5FABAC32D30F}
		{9BE1EC74-A8C0-36FB-B3EF-08C1157EC664} = {9BE1EC74-A8C0-36FB-B3EF-08C1157EC664}
		{05112050-F147-33D2-923E-9354D5B7446A} = {05112050-F147-33D2-923E-9354D5B7446A}
		{C901C765-27C7-33C8-A994-5D39F165016E} = {C901C765-27C7-33C8-A994-5D39F165016E}
	EndProjectSection
EndProject
Project("{8BC9CEB8-8B4A-11D0-8D11-00A0C91BC942}") = "ZERO_CHECK", "ZERO_CHECK.vcxproj", "{632B22C8-A327-3674-A990-145B39D01FCE}"
	ProjectSection(ProjectDependencies) = postProject
	EndProjectSection
EndProject
Project("{8BC9CEB8-8B4A-11D0-8D11-00A0C91BC942}") = "glad", "external\glad\glad.vcxproj", "{6D0C9834-617B-3DC0-ADC2-86B05A613404}"
	ProjectSection(ProjectDependencies) = postProject
		{632B22C8-A327-3674-A990-145B39D01FCE} = {632B22C8-A327-3674-A990-145B39D01FCE}
	EndProjectSection
EndProject
Project("{8BC9CEB8-8B4A-11D0-8D11-00A0C91BC942}") = "glfw", "external\glfw\src\glfw.vcxproj", "{8FDD4C3C-85E3-3BC7-902E-5FABAC32D30F}"
	ProjectSection(ProjectDependencies) = postProject
		{632B22C8-A327-3674-A990-145B39D01FCE} = {632B22C8-A327-3674-A990-145B39D01FCE}
	EndProjectSection
EndProject
Project("{8BC9CEB8-8B4A-11D0-8D11-00A0C91BC942}") = "glm", "external\glm\glm\glm.vcxproj", "{9BE1EC74-A8C0-36FB-B3EF-08C1157EC664}"
	ProjectSection(ProjectDependencies) = postProject
		{632B22C8-A327-3674-A990-145B39D01FCE} = {632B22C8-A327-3674-A990-145B39D01FCE}
	EndProjectSection
EndProject
Project("{8BC9CEB8-8B4A-11D0-8D11-00A0C91BC942}") = "imgui", "imgui.vcxproj", "{05112050-F147-33D2-923E-9354D5B7446A}"
	ProjectSection(ProjectDependencies) = postProject
		{632B22C8-A327-3674-A990-145B39D01FCE} = {632B22C8-A327-3674-A990-145B39D01FCE}
		{8FDD4C3C-85E3-3BC7-902E-5FABAC32D30F} = {8FDD4C3C-85E3-3BC7-902E-5FABAC32D30F}
	EndProjectSection
EndProject
Project("{8BC9CEB8-8B4A-11D0-8D11-00A0C91BC942}") = "spdlog", "external\spdlog\spdlog.vcxproj", "{C901C765-27C7-33C8-A994-5D39F165016E}"
	ProjectSection(ProjectDependencies) = postProject
		{632B22C8-A327-3674-A990-145B39D01FCE} = {632B22C8-A327-3674-A990-145B39D01FCE}
	EndProjectSection
EndProject
Global
	GlobalSection(SolutionConfigurationPlatforms) = preSolution
		Debug|x64 = Debug|x64
		Release|x64 = Release|x64
		MinSizeRel|x64 = MinSizeRel|x64
		RelWithDebInfo|x64 = RelWithDebInfo|x64
	EndGlobalSection
	GlobalSection(ProjectConfigurationPlatforms) = postSolution
		{AA6B8D17-3A1D-3E08-8515-F9292C583F4E}.Debug|x64.ActiveCfg = Debug|x64
		{AA6B8D17-3A1D-3E08-8515-F9292C583F4E}.Release|x64.ActiveCfg = Release|x64
		{AA6B8D17-3A1D-3E08-8515-F9292C583F4E}.MinSizeRel|x64.ActiveCfg = MinSizeRel|x64
		{AA6B8D17-3A1D-3E08-8515-F9292C583F4E}.RelWithDebInfo|x64.ActiveCfg = RelWithDebInfo|x64
		{C43C85AC-E124-307D-8107-9B8965CC878B}.Debug|x64.ActiveCfg = Debug|x64
		{C43C85AC-E124-307D-8107-9B8965CC878B}.Debug|x64.Build.0 = Debug|x64
		{C43C85AC-E124-307D-8107-9B8965CC878B}.Release|x64.ActiveCfg = Release|x64
		{C43C85AC-E124-307D-8107-9B8965CC878B}.Release|x64.Build.0 = Release|x64
		{C43C85AC-E124-307D-8107-9B8965CC878B}.MinSizeRel|x64.ActiveCfg = MinSizeRel|x64
		{C43C85AC-E124-307D-8107-9B8965CC878B}.MinSizeRel|x64.Build.0 = MinSizeRel|x64
		{C43C85AC-E124-307D-8107-9B8965CC878B}.RelWithDebInfo|x64.ActiveCfg = RelWithDebInfo|x64
		{C43C85AC-E124-307D-8107-9B8965CC878B}.RelWithDebInfo|x64.Build.0 = RelWithDebInfo|x64
		{3BD6EBD1-AE73-3E18-911D-DB79049895EB}.Debug|x64.ActiveCfg = Debug|x64
		{3BD6EBD1-AE73-3E18-911D-DB79049895EB}.Debug|x64.Build.0 = Debug|x64
		{3BD6EBD1-AE73-3E18-911D-DB79049895EB}.Release|x64.ActiveCfg = Release|x64
		{3BD6EBD1-AE73-3E18-911D-DB79049895EB}.Release|x64.Build.0 = Release|x64
		{3BD6EBD1-AE73-3E18-911D-DB79049895EB}.MinSizeRel|x64.ActiveCfg = MinSizeRel|x64
		{3BD6EBD1-AE73-3E18-911D-DB79049895EB}.MinSizeRel|x64.Build.0 = MinSizeRel|x64
		{3BD6EBD1-AE73-3E18-911D-DB79049895EB}.RelWithDebInfo|x64.ActiveCfg = RelWithDebInfo|x64
		{3BD6EBD1-AE73-3E18-911D-DB79049895EB}.RelWithDebInfo|x64.Build.0 = RelWithDebInfo|x64
		{CF383F8C-3CFA-345C-9653-56803845F836}.Debug|x64.ActiveCfg = Debug|x64
		{CF383F8C-3CFA-345C-9653-56803845F836}.Debug|x64.Build.0 = Debug|x64
		{CF383F8C-3CFA-345C-9653-56803845F836}.Release|x64.ActiveCfg = Release|x64
		{CF383F8C-3CFA-345C-9653-56803845F836}.Release|x64.Build.0 = Release|x64
		{CF383F8C-3CFA-345C-9653-56803845F836}.MinSizeRel|x64.ActiveCfg = MinSizeRel|x64
		{CF383F8C-3CFA-345C-9653-56803845F836}.MinSizeRel|x64.Build.0 = MinSizeRel|x64
		{CF383F8C-3CFA-345C-9653-56803845F836}.RelWithDebInfo|x64.ActiveCfg = RelWithDebInfo|x64
		{CF383F8C-3CFA-345C-9653-56803845F836}.RelWithDebInfo|x64.Build.0 = RelWithDebInfo|x64
		{632B22C8-A327-3674-A990-145B39D01FCE}.Debug|x64.ActiveCfg = Debug|x64
		{632B22C8-A327-3674-A990-145B39D01FCE}.Debug|x64.Build.0 = Debug|x64
		{632B22C8-A327-3674-A990-145B39D01FCE}.Release|x64.ActiveCfg = Release|x64
		{632B22C8-A327-3674-A990-145B39D01FCE}.Release|x64.Build.0 = Release|x64
		{632B22C8-A327-3674-A990-145B39D01FCE}.MinSizeRel|x64.ActiveCfg = MinSizeRel|x64
		{632B22C8-A327-3674-A990-145B39D01FCE}.MinSizeRel|x64.Build.0 = MinSizeRel|x64
		{632B22C8-A327-3674-A990-145B39D01FCE}.RelWithDebInfo|x64.ActiveCfg = RelWithDebInfo|x64
		{632B22C8-A327-3674-A990-145B39D01FCE}.RelWithDebInfo|x64.Build.0 = RelWithDebInfo|x64
		{6D0C9834-617B-3DC0-ADC2-86B05A613404}.Debug|x64.ActiveCfg = Debug|x64
		{6D0C9834-617B-3DC0-ADC2-86B05A613404}.Debug|x64.Build.0 = Debug|x64
		{6D0C9834-617B-3DC0-ADC2-86B05A613404}.Release|x64.ActiveCfg = Release|x64
		{6D0C9834-617B-3DC0-ADC2-86B05A613404}.Release|x64.Build.0 = Release|x64
		{6D0C9834-617B-3DC0-ADC2-86B05A613404}.MinSizeRel|x64.ActiveCfg = MinSizeRel|x64
		{6D0C9834-617B-3DC0-ADC2-86B05A613404}.MinSizeRel|x64.Build.0 = MinSizeRel|x64
		{6D0C9834-617B-3DC0-ADC2-86B05A613404}.RelWithDebInfo|x64.ActiveCfg = RelWithDebInfo|x64
		{6D0C9834-617B-3DC0-ADC2-86B05A613404}.RelWithDebInfo|x64.Build.0 = RelWithDebInfo|x64
		{8FDD4C3C-85E3-3BC7-902E-5FABAC32D30F}.Debug|x64.ActiveCfg = Debug|x64
		{8FDD4C3C-85E3-3BC7-902E-5FABAC32D30F}.Debug|x64.Build.0 = Debug|x64
		{8FDD4C3C-85E3-3BC7-902E-5FABAC32D30F}.Release|x64.ActiveCfg = Release|x64
		{8FDD4C3C-85E3-3BC7-902E-5FABAC32D30F}.Release|x64.Build.0 = Release|x64
		{8FDD4C3C-85E3-3BC7-902E-5FABAC32D30F}.MinSizeRel|x64.ActiveCfg = MinSizeRel|x64
		{8FDD4C3C-85E3-3BC7-902E-5FABAC32D30F}.MinSizeRel|x64.Build.0 = MinSizeRel|x64
		{8FDD4C3C-85E3-3BC7-902E-5FABAC32D30F}.RelWithDebInfo|x64.ActiveCfg = RelWithDebInfo|x64
		{8FDD4C3C-85E3-3BC7-902E-5FABAC32D30F}.RelWithDebInfo|x64.Build.0 = RelWithDebInfo|x64
		{9BE1EC74-A8C0-36FB-B3EF-08C1157EC664}.Debug|x64.ActiveCfg = Debug|x64
		{9BE1EC74-A8C0-36FB-B3EF-08C1157EC664}.Debug|x64.Build.0 = Debug|x64
		{9BE1EC74-A8C0-36FB-B3EF-08C1157EC664}.Release|x64.ActiveCfg = Release|x64
		{9BE1EC74-A8C0-36FB-B3EF-08C1157EC664}.Release|x64.Build.0 = Release|x64
		{9BE1EC74-A8C0-36FB-B3EF-08C1157EC664}.MinSizeRel|x64.ActiveCfg = MinSizeRel|x64
		{9BE1EC74-A8C0-36FB-B3EF-08C1157EC664}.MinSizeRel|x64.Build.0 = MinSizeRel|x64
		{9BE1EC74-A8C0-36FB-B3EF-08C1157EC664}.RelWithDebInfo|x64.ActiveCfg = RelWithDebInfo|x64
		{9BE1EC74-A8C0-36FB-B3EF-08C1157EC664}.RelWithDebInfo|x64.Build.0 = RelWithDebInfo|x64
		{05112050-F147-33D2-923E-9354D5B7446A}.Debug|x64.ActiveCfg = Debug|x64
		{05112050-F147-33D2-923E-9354D5B7446A}.Debug|x64.Build.0 = Debug|x64
		{05112050-F147-33D2-923E-9354D5B7446A}.Release|x64.ActiveCfg = Release|x64
		{05112050-F147-33D2-923E-9354D5B7446A}.Release|x64.Build.0 = Release|x64
		{05112050-F147-33D2-923E-9354D5B7446A}.MinSizeRel|x64.ActiveCfg = MinSizeRel|x64
		{05112050-F147-33D2-923E-9354D5B7446A}.MinSizeRel|x64.Build.0 = MinSizeRel|x64
		{05112050-F147-33D2-923E-9354D5B7446A}.RelWithDebInfo|x64.ActiveCfg = RelWithDebInfo|x64
		{05112050-F147-33D2-923E-9354D5B7446A}.RelWithDebInfo|x64.Build.0 = RelWithDebInfo|x64
		{C901C765-27C7-33C8-A994-5D39F165016E}.Debug|x64.ActiveCfg = Debug|x64
		{C901C765-27C7-33C8-A994-5D39F165016E}.Debug|x64.Build.0 = Debug|x64
		{C901C765-27C7-33C8-A994-5D39F165016E}.Release|x64.ActiveCfg = Release|x64
		{C901C765-27C7-33C8-A994-5D39F165016E}.Release|x64.Build.0 = Release|x64
		{C901C765-27C7-33C8-A994-5D39F165016E}.MinSizeRel|x64.ActiveCfg = MinSizeRel|x64
		{C901C765-27C7-33C8-A994-5D39F165016E}.MinSizeRel|x64.Build.0 = MinSizeRel|x64
		{C901C765-27C7-33C8-A994-5D39F165016E}.RelWithDebInfo|x64.ActiveCfg = RelWithDebInfo|x64
		{C901C765-27C7-33C8-A994-5D39F165016E}.RelWithDebInfo|x64.Build.0 = RelWithDebInfo|x64
	EndGlobalSection
	GlobalSection(NestedProjects) = preSolution
		{AA6B8D17-3A1D-3E08-8515-F9292C583F4E} = {472CF1B3-8D07-30F8-883A-F812403552EB}
		{632B22C8-A327-3674-A990-145B39D01FCE} = {472CF1B3-8D07-30F8-883A-F812403552EB}
		{8FDD4C3C-85E3-3BC7-902E-5FABAC32D30F} = {64227638-6169-3F08-9C52-2B5BE36CAE24}
	EndGlobalSection
	GlobalSection(ExtensibilityGlobals) = postSolution
		SolutionGuid = {A2FDEB71-F669-3426-9FE4-C5A71FC8FC63}
	EndGlobalSection
	GlobalSection(ExtensibilityAddIns) = postSolution
	EndGlobalSection
EndGlobal
